// !$*UTF8*$!
{
	archiveVersion = 1;
	classes = {
	};
	objectVersion = 50;
	objects = {

/* Begin PBXBuildFile section */
		3845571320ACA6DC00763FF5 /* AppDelegate.swift in Sources */ = {isa = PBXBuildFile; fileRef = 3845571220ACA6DC00763FF5 /* AppDelegate.swift */; };
		3845571620ACA6DC00763FF5 /* Every_Do_CoreData.xcdatamodeld in Sources */ = {isa = PBXBuildFile; fileRef = 3845571420ACA6DC00763FF5 /* Every_Do_CoreData.xcdatamodeld */; };
		3845571820ACA6DC00763FF5 /* MasterViewController.swift in Sources */ = {isa = PBXBuildFile; fileRef = 3845571720ACA6DC00763FF5 /* MasterViewController.swift */; };
		3845571A20ACA6DC00763FF5 /* DetailViewController.swift in Sources */ = {isa = PBXBuildFile; fileRef = 3845571920ACA6DC00763FF5 /* DetailViewController.swift */; };
		3845571D20ACA6DC00763FF5 /* Main.storyboard in Resources */ = {isa = PBXBuildFile; fileRef = 3845571B20ACA6DC00763FF5 /* Main.storyboard */; };
		3845571F20ACA6DD00763FF5 /* Assets.xcassets in Resources */ = {isa = PBXBuildFile; fileRef = 3845571E20ACA6DD00763FF5 /* Assets.xcassets */; };
		3845572220ACA6DD00763FF5 /* LaunchScreen.storyboard in Resources */ = {isa = PBXBuildFile; fileRef = 3845572020ACA6DD00763FF5 /* LaunchScreen.storyboard */; };
/* End PBXBuildFile section */

/* Begin PBXFileReference section */
		3845570F20ACA6DC00763FF5 /* Every.Do.CoreData.app */ = {isa = PBXFileReference; explicitFileType = wrapper.application; includeInIndex = 0; path = Every.Do.CoreData.app; sourceTree = BUILT_PRODUCTS_DIR; };
		3845571220ACA6DC00763FF5 /* AppDelegate.swift */ = {isa = PBXFileReference; lastKnownFileType = sourcecode.swift; path = AppDelegate.swift; sourceTree = "<group>"; };
		3845571520ACA6DC00763FF5 /* Every_Do_CoreData.xcdatamodel */ = {isa = PBXFileReference; lastKnownFileType = wrapper.xcdatamodel; path = Every_Do_CoreData.xcdatamodel; sourceTree = "<group>"; };
		3845571720ACA6DC00763FF5 /* MasterViewController.swift */ = {isa = PBXFileReference; lastKnownFileType = sourcecode.swift; path = MasterViewController.swift; sourceTree = "<group>"; };
		3845571920ACA6DC00763FF5 /* DetailViewController.swift */ = {isa = PBXFileReference; lastKnownFileType = sourcecode.swift; path = DetailViewController.swift; sourceTree = "<group>"; };
		3845571C20ACA6DC00763FF5 /* Base */ = {isa = PBXFileReference; lastKnownFileType = file.storyboard; name = Base; path = Base.lproj/Main.storyboard; sourceTree = "<group>"; };
		3845571E20ACA6DD00763FF5 /* Assets.xcassets */ = {isa = PBXFileReference; lastKnownFileType = folder.assetcatalog; path = Assets.xcassets; sourceTree = "<group>"; };
		3845572120ACA6DD00763FF5 /* Base */ = {isa = PBXFileReference; lastKnownFileType = file.storyboard; name = Base; path = Base.lproj/LaunchScreen.storyboard; sourceTree = "<group>"; };
		3845572320ACA6DD00763FF5 /* Info.plist */ = {isa = PBXFileReference; lastKnownFileType = text.plist.xml; path = Info.plist; sourceTree = "<group>"; };
/* End PBXFileReference section */

/* Begin PBXFrameworksBuildPhase section */
		3845570C20ACA6DC00763FF5 /* Frameworks */ = {
			isa = PBXFrameworksBuildPhase;
			buildActionMask = 2147483647;
			files = (
			);
			runOnlyForDeploymentPostprocessing = 0;
		};
/* End PBXFrameworksBuildPhase section */

/* Begin PBXGroup section */
		3845570620ACA6DC00763FF5 = {
			isa = PBXGroup;
			children = (
				3845571120ACA6DC00763FF5 /* Every.Do.CoreData */,
				3845571020ACA6DC00763FF5 /* Products */,
			);
			sourceTree = "<group>";
		};
		3845571020ACA6DC00763FF5 /* Products */ = {
			isa = PBXGroup;
			children = (
				3845570F20ACA6DC00763FF5 /* Every.Do.CoreData.app */,
			);
			name = Products;
			sourceTree = "<group>";
		};
		3845571120ACA6DC00763FF5 /* Every.Do.CoreData */ = {
			isa = PBXGroup;
			children = (
				3845571220ACA6DC00763FF5 /* AppDelegate.swift */,
				3845571720ACA6DC00763FF5 /* MasterViewController.swift */,
				3845571920ACA6DC00763FF5 /* DetailViewController.swift */,
				3845571B20ACA6DC00763FF5 /* Main.storyboard */,
				3845571E20ACA6DD00763FF5 /* Assets.xcassets */,
				3845572020ACA6DD00763FF5 /* LaunchScreen.storyboard */,
				3845572320ACA6DD00763FF5 /* Info.plist */,
				3845571420ACA6DC00763FF5 /* Every_Do_CoreData.xcdatamodeld */,
			);
			path = Every.Do.CoreData;
			sourceTree = "<group>";
		};
/* End PBXGroup section */

/* Begin PBXNativeTarget section */
		3845570E20ACA6DC00763FF5 /* Every.Do.CoreData */ = {
			isa = PBXNativeTarget;
			buildConfigurationList = 3845572620ACA6DD00763FF5 /* Build configuration list for PBXNativeTarget "Every.Do.CoreData" */;
			buildPhases = (
				3845570B20ACA6DC00763FF5 /* Sources */,
				3845570C20ACA6DC00763FF5 /* Frameworks */,
				3845570D20ACA6DC00763FF5 /* Resources */,
			);
			buildRules = (
			);
			dependencies = (
			);
			name = Every.Do.CoreData;
			productName = Every.Do.CoreData;
			productReference = 3845570F20ACA6DC00763FF5 /* Every.Do.CoreData.app */;
			productType = "com.apple.product-type.application";
		};
/* End PBXNativeTarget section */

/* Begin PBXProject section */
		3845570720ACA6DC00763FF5 /* Project object */ = {
			isa = PBXProject;
			attributes = {
				LastSwiftUpdateCheck = 0930;
				LastUpgradeCheck = 0930;
				ORGANIZATIONNAME = "ruijia lin";
				TargetAttributes = {
					3845570E20ACA6DC00763FF5 = {
						CreatedOnToolsVersion = 9.3;
					};
				};
			};
			buildConfigurationList = 3845570A20ACA6DC00763FF5 /* Build configuration list for PBXProject "Every.Do.CoreData" */;
			compatibilityVersion = "Xcode 9.3";
			developmentRegion = en;
			hasScannedForEncodings = 0;
			knownRegions = (
				en,
				Base,
			);
			mainGroup = 3845570620ACA6DC00763FF5;
			productRefGroup = 3845571020ACA6DC00763FF5 /* Products */;
			projectDirPath = "";
			projectRoot = "";
			targets = (
				3845570E20ACA6DC00763FF5 /* Every.Do.CoreData */,
			);
		};
/* End PBXProject section */

/* Begin PBXResourcesBuildPhase section */
		3845570D20ACA6DC00763FF5 /* Resources */ = {
			isa = PBXResourcesBuildPhase;
			buildActionMask = 2147483647;
			files = (
				3845572220ACA6DD00763FF5 /* LaunchScreen.storyboard in Resources */,
				3845571F20ACA6DD00763FF5 /* Assets.xcassets in Resources */,
				3845571D20ACA6DC00763FF5 /* Main.storyboard in Resources */,
			);
			runOnlyForDeploymentPostprocessing = 0;
		};
/* End PBXResourcesBuildPhase section */

/* Begin PBXSourcesBuildPhase section */
		3845570B20ACA6DC00763FF5 /* Sources */ = {
			isa = PBXSourcesBuildPhase;
			buildActionMask = 2147483647;
			files = (
				3845571320ACA6DC00763FF5 /* AppDelegate.swift in Sources */,
				3845571620ACA6DC00763FF5 /* Every_Do_CoreData.xcdatamodeld in Sources */,
				3845571820ACA6DC00763FF5 /* MasterViewController.swift in Sources */,
				3845571A20ACA6DC00763FF5 /* DetailViewController.swift in Sources */,
			);
			runOnlyForDeploymentPostprocessing = 0;
		};
/* End PBXSourcesBuildPhase section */

/* Begin PBXVariantGroup section */
		3845571B20ACA6DC00763FF5 /* Main.storyboard */ = {
			isa = PBXVariantGroup;
			children = (
				3845571C20ACA6DC00763FF5 /* Base */,
			);
			name = Main.storyboard;
			sourceTree = "<group>";
		};
		3845572020ACA6DD00763FF5 /* LaunchScreen.storyboard */ = {
			isa = PBXVariantGroup;
			children = (
				3845572120ACA6DD00763FF5 /* Base */,
			);
			name = LaunchScreen.storyboard;
			sourceTree = "<group>";
		};
/* End PBXVariantGroup section */

/* Begin XCBuildConfiguration section */
		3845572420ACA6DD00763FF5 /* Debug */ = {
			isa = XCBuildConfiguration;
			buildSettings = {
				ALWAYS_SEARCH_USER_PATHS = NO;
				CLANG_ANALYZER_NONNULL = YES;
				CLANG_ANALYZER_NUMBER_OBJECT_CONVERSION = YES_AGGRESSIVE;
				CLANG_CXX_LANGUAGE_STANDARD = "gnu++14";
				CLANG_CXX_LIBRARY = "libc++";
				CLANG_ENABLE_MODULES = YES;
				CLANG_ENABLE_OBJC_ARC = YES;
				CLANG_ENABLE_OBJC_WEAK = YES;
				CLANG_WARN_BLOCK_CAPTURE_AUTORELEASING = YES;
				CLANG_WARN_BOOL_CONVERSION = YES;
				CLANG_WARN_COMMA = YES;
				CLANG_WARN_CONSTANT_CONVERSION = YES;
				CLANG_WARN_DEPRECATED_OBJC_IMPLEMENTATIONS = YES;
				CLANG_WARN_DIRECT_OBJC_ISA_USAGE = YES_ERROR;
				CLANG_WARN_DOCUMENTATION_COMMENTS = YES;
				CLANG_WARN_EMPTY_BODY = YES;
				CLANG_WARN_ENUM_CONVERSION = YES;
				CLANG_WARN_INFINITE_RECURSION = YES;
				CLANG_WARN_INT_CONVERSION = YES;
				CLANG_WARN_NON_LITERAL_NULL_CONVERSION = YES;
				CLANG_WARN_OBJC_IMPLICIT_RETAIN_SELF = YES;
				CLANG_WARN_OBJC_LITERAL_CONVERSION = YES;
				CLANG_WARN_OBJC_ROOT_CLASS = YES_ERROR;
				CLANG_WARN_RANGE_LOOP_ANALYSIS = YES;
				CLANG_WARN_STRICT_PROTOTYPES = YES;
				CLANG_WARN_SUSPICIOUS_MOVE = YES;
				CLANG_WARN_UNGUARDED_AVAILABILITY = YES_AGGRESSIVE;
				CLANG_WARN_UNREACHABLE_CODE = YES;
				CLANG_WARN__DUPLICATE_METHOD_MATCH = YES;
				CODE_SIGN_IDENTITY = "iPhone Developer";
				COPY_PHASE_STRIP = NO;
				DEBUG_INFORMATION_FORMAT = dwarf;
				ENABLE_STRICT_OBJC_MSGSEND = YES;
				ENABLE_TESTABILITY = YES;
				GCC_C_LANGUAGE_STANDARD = gnu11;
				GCC_DYNAMIC_NO_PIC = NO;
				GCC_NO_COMMON_BLOCKS = YES;
				GCC_OPTIMIZATION_LEVEL = 0;
				GCC_PREPROCESSOR_DEFINITIONS = (
					"DEBUG=1",
					"$(inherited)",
				);
				GCC_WARN_64_TO_32_BIT_CONVERSION = YES;
				GCC_WARN_ABOUT_RETURN_TYPE = YES_ERROR;
				GCC_WARN_UNDECLARED_SELECTOR = YES;
				GCC_WARN_UNINITIALIZED_AUTOS = YES_AGGRESSIVE;
				GCC_WARN_UNUSED_FUNCTION = YES;
				GCC_WARN_UNUSED_VARIABLE = YES;
				IPHONEOS_DEPLOYMENT_TARGET = 11.3;
				MTL_ENABLE_DEBUG_INFO = YES;
				ONLY_ACTIVE_ARCH = YES;
				SDKROOT = iphoneos;
				SWIFT_ACTIVE_COMPILATION_CONDITIONS = DEBUG;
				SWIFT_OPTIMIZATION_LEVEL = "-Onone";
			};
			name = Debug;
		};
		3845572520ACA6DD00763FF5 /* Release */ = {
			isa = XCBuildConfiguration;
			buildSettings = {
				ALWAYS_SEARCH_USER_PATHS = NO;
				CLANG_ANALYZER_NONNULL = YES;
				CLANG_ANALYZER_NUMBER_OBJECT_CONVERSION = YES_AGGRESSIVE;
				CLANG_CXX_LANGUAGE_STANDARD = "gnu++14";
				CLANG_CXX_LIBRARY = "libc++";
				CLANG_ENABLE_MODULES = YES;
				CLANG_ENABLE_OBJC_ARC = YES;
				CLANG_ENABLE_OBJC_WEAK = YES;
				CLANG_WARN_BLOCK_CAPTURE_AUTORELEASING = YES;
				CLANG_WARN_BOOL_CONVERSION = YES;
				CLANG_WARN_COMMA = YES;
				CLANG_WARN_CONSTANT_CONVERSION = YES;
				CLANG_WARN_DEPRECATED_OBJC_IMPLEMENTATIONS = YES;
				CLANG_WARN_DIRECT_OBJC_ISA_USAGE = YES_ERROR;
				CLANG_WARN_DOCUMENTATION_COMMENTS = YES;
				CLANG_WARN_EMPTY_BODY = YES;
				CLANG_WARN_ENUM_CONVERSION = YES;
				CLANG_WARN_INFINITE_RECURSION = YES;
				CLANG_WARN_INT_CONVERSION = YES;
				CLANG_WARN_NON_LITERAL_NULL_CONVERSION = YES;
				CLANG_WARN_OBJC_IMPLICIT_RETAIN_SELF = YES;
				CLANG_WARN_OBJC_LITERAL_CONVERSION = YES;
				CLANG_WARN_OBJC_ROOT_CLASS = YES_ERROR;
				CLANG_WARN_RANGE_LOOP_ANALYSIS = YES;
				CLANG_WARN_STRICT_PROTOTYPES = YES;
				CLANG_WARN_SUSPICIOUS_MOVE = YES;
				CLANG_WARN_UNGUARDED_AVAILABILITY = YES_AGGRESSIVE;
				CLANG_WARN_UNREACHABLE_CODE = YES;
				CLANG_WARN__DUPLICATE_METHOD_MATCH = YES;
				CODE_SIGN_IDENTITY = "iPhone Developer";
				COPY_PHASE_STRIP = NO;
				DEBUG_INFORMATION_FORMAT = "dwarf-with-dsym";
				ENABLE_NS_ASSERTIONS = NO;
				ENABLE_STRICT_OBJC_MSGSEND = YES;
				GCC_C_LANGUAGE_STANDARD = gnu11;
				GCC_NO_COMMON_BLOCKS = YES;
				GCC_WARN_64_TO_32_BIT_CONVERSION = YES;
				GCC_WARN_ABOUT_RETURN_TYPE = YES_ERROR;
				GCC_WARN_UNDECLARED_SELECTOR = YES;
				GCC_WARN_UNINITIALIZED_AUTOS = YES_AGGRESSIVE;
				GCC_WARN_UNUSED_FUNCTION = YES;
				GCC_WARN_UNUSED_VARIABLE = YES;
				IPHONEOS_DEPLOYMENT_TARGET = 11.3;
				MTL_ENABLE_DEBUG_INFO = NO;
				SDKROOT = iphoneos;
				SWIFT_COMPILATION_MODE = wholemodule;
				SWIFT_OPTIMIZATION_LEVEL = "-O";
				VALIDATE_PRODUCT = YES;
			};
			name = Release;
		};
		3845572720ACA6DD00763FF5 /* Debug */ = {
			isa = XCBuildConfiguration;
			buildSettings = {
				ASSETCATALOG_COMPILER_APPICON_NAME = AppIcon;
				CODE_SIGN_STYLE = Automatic;
				DEVELOPMENT_TEAM = 6FGZ4M8EYW;
				INFOPLIST_FILE = Every.Do.CoreData/Info.plist;
				LD_RUNPATH_SEARCH_PATHS = (
					"$(inherited)",
					"@executable_path/Frameworks",
				);
				PRODUCT_BUNDLE_IDENTIFIER = "com.RJL.Every-Do-CoreData";
				PRODUCT_NAME = "$(TARGET_NAME)";
				SWIFT_VERSION = 4.0;
				TARGETED_DEVICE_FAMILY = "1,2";
			};
			name = Debug;
		};
		3845572820ACA6DD00763FF5 /* Release */ = {
			isa = XCBuildConfiguration;
			buildSettings = {
				ASSETCATALOG_COMPILER_APPICON_NAME = AppIcon;
				CODE_SIGN_STYLE = Automatic;
				DEVELOPMENT_TEAM = 6FGZ4M8EYW;
				INFOPLIST_FILE = Every.Do.CoreData/Info.plist;
				LD_RUNPATH_SEARCH_PATHS = (
					"$(inherited)",
					"@executable_path/Frameworks",
				);
				PRODUCT_BUNDLE_IDENTIFIER = "com.RJL.Every-Do-CoreData";
				PRODUCT_NAME = "$(TARGET_NAME)";
				SWIFT_VERSION = 4.0;
				TARGETED_DEVICE_FAMILY = "1,2";
			};
			name = Release;
		};
/* End XCBuildConfiguration section */

/* Begin XCConfigurationList section */
		3845570A20ACA6DC00763FF5 /* Build configuration list for PBXProject "Every.Do.CoreData" */ = {
			isa = XCConfigurationList;
			buildConfigurations = (
				3845572420ACA6DD00763FF5 /* Debug */,
				3845572520ACA6DD00763FF5 /* Release */,
			);
			defaultConfigurationIsVisible = 0;
			defaultConfigurationName = Release;
		};
		3845572620ACA6DD00763FF5 /* Build configuration list for PBXNativeTarget "Every.Do.CoreData" */ = {
			isa = XCConfigurationList;
			buildConfigurations = (
				3845572720ACA6DD00763FF5 /* Debug */,
				3845572820ACA6DD00763FF5 /* Release */,
			);
			defaultConfigurationIsVisible = 0;
			defaultConfigurationName = Release;
		};
/* End XCConfigurationList section */

/* Begin XCVersionGroup section */
		3845571420ACA6DC00763FF5 /* Every_Do_CoreData.xcdatamodeld */ = {
			isa = XCVersionGroup;
			children = (
				3845571520ACA6DC00763FF5 /* Every_Do_CoreData.xcdatamodel */,
			);
			currentVersion = 3845571520ACA6DC00763FF5 /* Every_Do_CoreData.xcdatamodel */;
			path = Every_Do_CoreData.xcdatamodeld;
			sourceTree = "<group>";
			versionGroupType = wrapper.xcdatamodel;
		};
/* End XCVersionGroup section */
	};
	rootObject = 3845570720ACA6DC00763FF5 /* Project object */;
}
